PODS:
  - ModernAVPlayer/Core (1.4.0)
  - ModernAVPlayer/RxSwift (1.4.0):
    - ModernAVPlayer/Core
    - RxCocoa (~> 6.0)
    - RxSwift (~> 6.0)
  - Nimble (8.0.4)
  - Quick (2.2.0)
  - RxCocoa (6.1.0):
    - RxRelay (= 6.1.0)
    - RxSwift (= 6.1.0)
  - RxRelay (6.1.0):
    - RxSwift (= 6.1.0)
  - RxSwift (6.1.0)
  - Sourcery (0.17.0)
  - SwiftLint (0.35.0)
  - SwiftyMocky (3.4.0):
    - SwiftyMocky/Core (= 3.4.0)
  - SwiftyMocky/Core (3.4.0):
    - Sourcery (>= 0.17)

DEPENDENCIES:
  - ModernAVPlayer/RxSwift (from `.`)
  - Nimble (= 8.0.4)
  - Quick (= 2.2.0)
  - SwiftLint (= 0.35.0)
  - SwiftyMocky (= 3.4.0)

SPEC REPOS:
  trunk:
    - Nimble
    - Quick
    - RxCocoa
    - RxRelay
    - RxSwift
    - Sourcery
    - SwiftLint
    - SwiftyMocky

EXTERNAL SOURCES:
  ModernAVPlayer:
    :path: "."

SPEC CHECKSUMS:
  ModernAVPlayer: e6e301c338b1630873672d51d23e8dec2b66651a
  Nimble: 18d5360282923225d62b09d781f63abc1a0111fc
  Quick: 7fb19e13be07b5dfb3b90d4f9824c855a11af40e
  RxCocoa: 5c51f02d562cbd94629f6c26cf0c80fe4ab8d343
  RxRelay: 483e1a19fad961b41f0b0c0bee506f46c1ae14fe
  RxSwift: a834e5c538e89eca0cae86f403f4fbf0336786ce
  Sourcery: 3ed61be7c8a1218fce349266139379dba477efe0
  SwiftLint: 5553187048b900c91aa03552807681bb6b027846
  SwiftyMocky: 030e1f0e0669952287af29d38b4748461d22312d

PODFILE CHECKSUM: 7a7e917bc470e4967b099fe14e6fb94ad37d2d82

COCOAPODS: 1.10.1
